
Microsoft Visual Studio Solution File, Format Version 12.00
# Visual Studio Version 17
VisualStudioVersion = 17.9.34616.47
MinimumVisualStudioVersion = 10.0.40219.1
Project("{9A19103F-16F7-4668-BE54-9A1E7A4F7556}") = "SAPB1.DIAPI.Helper", "src\SAPB1.DIAPI.Helper.csproj", "{B496BE57-D3E4-43CD-B832-E58A0039EEA7}"
EndProject
Global
	GlobalSection(SolutionConfigurationPlatforms) = preSolution
		Debug|Any CPU = Debug|Any CPU
		Release|Any CPU = Release|Any CPU
	EndGlobalSection
	GlobalSection(ProjectConfigurationPlatforms) = postSolution
		{B496BE57-D3E4-43CD-B832-E58A0039EEA7}.Debug|Any CPU.ActiveCfg = Debug|Any CPU
		{B496BE57-D3E4-43CD-B832-E58A0039EEA7}.Debug|Any CPU.Build.0 = Debug|Any CPU
		{B496BE57-D3E4-43CD-B832-E58A0039EEA7}.Release|Any CPU.ActiveCfg = Release|Any CPU
		{B496BE57-D3E4-43CD-B832-E58A0039EEA7}.Release|Any CPU.Build.0 = Release|Any CPU
	EndGlobalSection
	GlobalSection(SolutionProperties) = preSolution
		HideSolutionNode = FALSE
	EndGlobalSection
	GlobalSection(ExtensibilityGlobals) = postSolution
		SolutionGuid = {2AA88891-21A6-4E2C-A156-57A37B4094DA}
	EndGlobalSection
EndGlobal
